<?xml version="1.0" encoding="utf-8"?>
<Project ToolsVersion="4.0" xmlns="http://schemas.microsoft.com/developer/msbuild/2003">
  <ItemGroup>
    <Filter Include="LLVM">
      <UniqueIdentifier>{f1f20ad9-11e1-4990-a210-6e3fedf6aed8}</UniqueIdentifier>
    </Filter>
    <Filter Include="LLVM\Configurations">
      <UniqueIdentifier>{659ecef3-8fd5-4480-b127-38e07593c106}</UniqueIdentifier>
    </Filter>
    <Filter Include="LLVM\Platforms">
      <UniqueIdentifier>{913e4a99-66f6-4349-9cb6-e875905560b0}</UniqueIdentifier>
    </Filter>
    <Filter Include="MSVC">
      <UniqueIdentifier>{504e2b8c-1cd7-464f-aee7-2e38e08feb8e}</UniqueIdentifier>
    </Filter>
    <Filter Include="MSVC\Configurations">
      <UniqueIdentifier>{b766cb2d-228b-4880-ba8c-f320f9b67f34}</UniqueIdentifier>
    </Filter>
    <Filter Include="MSVC\Platforms">
      <UniqueIdentifier>{6fe64f9b-2cad-4c1a-ae63-7bdcf1aeb583}</UniqueIdentifier>
    </Filter>
  </ItemGroup>
  <ItemGroup>
    <None Include="CppProject.props" />
    <None Include="OSX.props" />
    <None Include="LINUX.props" />
    <None Include="WINDOWS.Clang.props" />
    <None Include="WINDOWS.MSVC.props" />
    <None Include="WINDOWS.props" />
    <None Include="LLVM\LLVM.Cpp.Default.props">
      <Filter>LLVM</Filter>
    </None>
    <None Include="LLVM\LLVM.Cpp.props">
      <Filter>LLVM</Filter>
    </None>
    <None Include="LLVM\LLVM.Cpp.targets">
      <Filter>LLVM</Filter>
    </None>
    <None Include="LLVM\LLVM.CppBuild.targets">
      <Filter>LLVM</Filter>
    </None>
    <None Include="LLVM\LLVM.CppClean.targets">
      <Filter>LLVM</Filter>
    </None>
    <None Include="LLVM\Configurations\Debug.props">
      <Filter>LLVM\Configurations</Filter>
    </None>
    <None Include="LLVM\Configurations\Release.props">
      <Filter>LLVM\Configurations</Filter>
    </None>
    <None Include="LLVM\Platforms\Darwin64.props">
      <Filter>LLVM\Platforms</Filter>
    </None>
    <None Include="LLVM\Platforms\Linux64.props">
      <Filter>LLVM\Platforms</Filter>
    </None>
    <None Include="LLVM\Platforms\Win32.props">
      <Filter>LLVM\Platforms</Filter>
    </None>
    <None Include="MSVC\Configurations\Debug.props">
      <Filter>MSVC\Configurations</Filter>
    </None>
    <None Include="MSVC\Configurations\Release.props">
      <Filter>MSVC\Configurations</Filter>
    </None>
    <None Include="MSVC\Platforms\Win32.props">
      <Filter>MSVC\Platforms</Filter>
    </None>
    <None Include="MSVC\Platforms\x64.props">
      <Filter>MSVC\Platforms</Filter>
    </None>
  </ItemGroup>
</Project>